
Microsoft Visual Studio Solution File, Format Version 12.00
# Visual Studio 15
VisualStudioVersion = 15.0.26730.16
MinimumVisualStudioVersion = 10.0.40219.1
Project("{FAE04EC0-301F-11D3-BF4B-00C04F79EFBC}") = "Realty", "Realty\Realty.csproj", "{E9240400-F159-43AB-98CC-5D3CEE82701A}"
EndProject
Project("{FAE04EC0-301F-11D3-BF4B-00C04F79EFBC}") = "HomesLib", "HomesLib\HomesLib.csproj", "{8E9EBD55-9466-46D9-9C29-6699EC6E10E1}"
EndProject
Project("{FAE04EC0-301F-11D3-BF4B-00C04F79EFBC}") = "HomesDAL", "HomesDAL\HomesDAL.csproj", "{1CF0A6D3-F237-4C5F-833D-4B816F80DBAC}"
EndProject
Global
	GlobalSection(SolutionConfigurationPlatforms) = preSolution
		Debug|Any CPU = Debug|Any CPU
		Release|Any CPU = Release|Any CPU
	EndGlobalSection
	GlobalSection(ProjectConfigurationPlatforms) = postSolution
		{E9240400-F159-43AB-98CC-5D3CEE82701A}.Debug|Any CPU.ActiveCfg = Debug|Any CPU
		{E9240400-F159-43AB-98CC-5D3CEE82701A}.Debug|Any CPU.Build.0 = Debug|Any CPU
		{E9240400-F159-43AB-98CC-5D3CEE82701A}.Release|Any CPU.ActiveCfg = Release|Any CPU
		{E9240400-F159-43AB-98CC-5D3CEE82701A}.Release|Any CPU.Build.0 = Release|Any CPU
		{8E9EBD55-9466-46D9-9C29-6699EC6E10E1}.Debug|Any CPU.ActiveCfg = Debug|Any CPU
		{8E9EBD55-9466-46D9-9C29-6699EC6E10E1}.Debug|Any CPU.Build.0 = Debug|Any CPU
		{8E9EBD55-9466-46D9-9C29-6699EC6E10E1}.Release|Any CPU.ActiveCfg = Release|Any CPU
		{8E9EBD55-9466-46D9-9C29-6699EC6E10E1}.Release|Any CPU.Build.0 = Release|Any CPU
		{1CF0A6D3-F237-4C5F-833D-4B816F80DBAC}.Debug|Any CPU.ActiveCfg = Debug|Any CPU
		{1CF0A6D3-F237-4C5F-833D-4B816F80DBAC}.Debug|Any CPU.Build.0 = Debug|Any CPU
		{1CF0A6D3-F237-4C5F-833D-4B816F80DBAC}.Release|Any CPU.ActiveCfg = Release|Any CPU
		{1CF0A6D3-F237-4C5F-833D-4B816F80DBAC}.Release|Any CPU.Build.0 = Release|Any CPU
	EndGlobalSection
	GlobalSection(SolutionProperties) = preSolution
		HideSolutionNode = FALSE
	EndGlobalSection
	GlobalSection(ExtensibilityGlobals) = postSolution
		SolutionGuid = {19CDCE73-16FA-461D-B9ED-CFD132F29CCC}
	EndGlobalSection
EndGlobal
